
Microsoft Visual Studio Solution File, Format Version 12.00
# Visual Studio Version 17
VisualStudioVersion = 17.7.34031.279
MinimumVisualStudioVersion = 10.0.40219.1
Project("{FAE04EC0-301F-11D3-BF4B-00C04F79EFBC}") = "Game", "Game\Game.csproj", "{B6825A29-6325-4896-B0AB-EDD70FF9EE21}"
EndProject
Global
	GlobalSection(SolutionConfigurationPlatforms) = preSolution
		Debug|Any CPU = Debug|Any CPU
		Release|Any CPU = Release|Any CPU
	EndGlobalSection
	GlobalSection(ProjectConfigurationPlatforms) = postSolution
		{B6825A29-6325-4896-B0AB-EDD70FF9EE21}.Debug|Any CPU.ActiveCfg = Debug|Any CPU
		{B6825A29-6325-4896-B0AB-EDD70FF9EE21}.Debug|Any CPU.Build.0 = Debug|Any CPU
		{B6825A29-6325-4896-B0AB-EDD70FF9EE21}.Release|Any CPU.ActiveCfg = Release|Any CPU
		{B6825A29-6325-4896-B0AB-EDD70FF9EE21}.Release|Any CPU.Build.0 = Release|Any CPU
	EndGlobalSection
	GlobalSection(SolutionProperties) = preSolution
		HideSolutionNode = FALSE
	EndGlobalSection
	GlobalSection(ExtensibilityGlobals) = postSolution
		SolutionGuid = {6D8A616B-08A9-40FC-AEB3-7AEBC79EDE56}
	EndGlobalSection
EndGlobal
