
Microsoft Visual Studio Solution File, Format Version 12.00
# Visual Studio Version 17
VisualStudioVersion = 17.7.34024.191
MinimumVisualStudioVersion = 10.0.40219.1
Project("{FAE04EC0-301F-11D3-BF4B-00C04F79EFBC}") = "graphs", "graphs\graphs.csproj", "{FB9A61D2-AD53-4685-845A-835A3AB3767E}"
EndProject
Global
	GlobalSection(SolutionConfigurationPlatforms) = preSolution
		Debug|Any CPU = Debug|Any CPU
		Release|Any CPU = Release|Any CPU
	EndGlobalSection
	GlobalSection(ProjectConfigurationPlatforms) = postSolution
		{FB9A61D2-AD53-4685-845A-835A3AB3767E}.Debug|Any CPU.ActiveCfg = Debug|Any CPU
		{FB9A61D2-AD53-4685-845A-835A3AB3767E}.Debug|Any CPU.Build.0 = Debug|Any CPU
		{FB9A61D2-AD53-4685-845A-835A3AB3767E}.Release|Any CPU.ActiveCfg = Release|Any CPU
		{FB9A61D2-AD53-4685-845A-835A3AB3767E}.Release|Any CPU.Build.0 = Release|Any CPU
	EndGlobalSection
	GlobalSection(SolutionProperties) = preSolution
		HideSolutionNode = FALSE
	EndGlobalSection
	GlobalSection(ExtensibilityGlobals) = postSolution
		SolutionGuid = {01D861FF-0883-4E7A-B723-C59EAC1FE0CA}
	EndGlobalSection
EndGlobal
