
Microsoft Visual Studio Solution File, Format Version 12.00
# Visual Studio Version 17
VisualStudioVersion = 17.7.34031.279
MinimumVisualStudioVersion = 10.0.40219.1
Project("{FAE04EC0-301F-11D3-BF4B-00C04F79EFBC}") = "ukolMatice", "ukolMatice\ukolMatice.csproj", "{E75503EA-9173-4B35-BCF7-433A503746D4}"
EndProject
Global
	GlobalSection(SolutionConfigurationPlatforms) = preSolution
		Debug|Any CPU = Debug|Any CPU
		Release|Any CPU = Release|Any CPU
	EndGlobalSection
	GlobalSection(ProjectConfigurationPlatforms) = postSolution
		{E75503EA-9173-4B35-BCF7-433A503746D4}.Debug|Any CPU.ActiveCfg = Debug|Any CPU
		{E75503EA-9173-4B35-BCF7-433A503746D4}.Debug|Any CPU.Build.0 = Debug|Any CPU
		{E75503EA-9173-4B35-BCF7-433A503746D4}.Release|Any CPU.ActiveCfg = Release|Any CPU
		{E75503EA-9173-4B35-BCF7-433A503746D4}.Release|Any CPU.Build.0 = Release|Any CPU
	EndGlobalSection
	GlobalSection(SolutionProperties) = preSolution
		HideSolutionNode = FALSE
	EndGlobalSection
	GlobalSection(ExtensibilityGlobals) = postSolution
		SolutionGuid = {DE5C23B1-CFF6-49E8-8532-EAC826FFB989}
	EndGlobalSection
EndGlobal
